// !$*UTF8*$!
{
	archiveVersion = 1;
	classes = {
	};
	objectVersion = 50;
	objects = {

/* Begin PBXBuildFile section */
		371D1E9D2323011A005AA21B /* AppDelegate.swift in Sources */ = {isa = PBXBuildFile; fileRef = 371D1E9C2323011A005AA21B /* AppDelegate.swift */; };
		371D1EA22323011A005AA21B /* Main.storyboard in Resources */ = {isa = PBXBuildFile; fileRef = 371D1EA02323011A005AA21B /* Main.storyboard */; };
		371D1EA42323011B005AA21B /* Assets.xcassets in Resources */ = {isa = PBXBuildFile; fileRef = 371D1EA32323011B005AA21B /* Assets.xcassets */; };
		371D1EA72323011B005AA21B /* LaunchScreen.storyboard in Resources */ = {isa = PBXBuildFile; fileRef = 371D1EA52323011B005AA21B /* LaunchScreen.storyboard */; };
		371D1EB42323018C005AA21B /* Default-568h@2x.png in Resources */ = {isa = PBXBuildFile; fileRef = 371D1EB32323018C005AA21B /* Default-568h@2x.png */; };
		37EC3FF123230235005F80DF /* SearchResult.swift in Sources */ = {isa = PBXBuildFile; fileRef = 37EC3FF023230235005F80DF /* SearchResult.swift */; };
		37EC3FF323230246005F80DF /* SearchResultController.swift in Sources */ = {isa = PBXBuildFile; fileRef = 37EC3FF223230246005F80DF /* SearchResultController.swift */; };
		37EC3FF523230513005F80DF /* ResultType.swift in Sources */ = {isa = PBXBuildFile; fileRef = 37EC3FF423230513005F80DF /* ResultType.swift */; };
		37EC3FF7232307D6005F80DF /* SearchResultsTableViewController.swift in Sources */ = {isa = PBXBuildFile; fileRef = 37EC3FF6232307D6005F80DF /* SearchResultsTableViewController.swift */; };
/* End PBXBuildFile section */

/* Begin PBXFileReference section */
		371D1E992323011A005AA21B /* itunesSearch.app */ = {isa = PBXFileReference; explicitFileType = wrapper.application; includeInIndex = 0; path = itunesSearch.app; sourceTree = BUILT_PRODUCTS_DIR; };
		371D1E9C2323011A005AA21B /* AppDelegate.swift */ = {isa = PBXFileReference; lastKnownFileType = sourcecode.swift; path = AppDelegate.swift; sourceTree = "<group>"; };
		371D1EA12323011A005AA21B /* Base */ = {isa = PBXFileReference; lastKnownFileType = file.storyboard; name = Base; path = Base.lproj/Main.storyboard; sourceTree = "<group>"; };
		371D1EA32323011B005AA21B /* Assets.xcassets */ = {isa = PBXFileReference; lastKnownFileType = folder.assetcatalog; path = Assets.xcassets; sourceTree = "<group>"; };
		371D1EA62323011B005AA21B /* Base */ = {isa = PBXFileReference; lastKnownFileType = file.storyboard; name = Base; path = Base.lproj/LaunchScreen.storyboard; sourceTree = "<group>"; };
		371D1EA82323011B005AA21B /* Info.plist */ = {isa = PBXFileReference; lastKnownFileType = text.plist.xml; path = Info.plist; sourceTree = "<group>"; };
		371D1EB32323018C005AA21B /* Default-568h@2x.png */ = {isa = PBXFileReference; lastKnownFileType = image.png; path = "Default-568h@2x.png"; sourceTree = "<group>"; };
		37EC3FF023230235005F80DF /* SearchResult.swift */ = {isa = PBXFileReference; lastKnownFileType = sourcecode.swift; path = SearchResult.swift; sourceTree = "<group>"; };
		37EC3FF223230246005F80DF /* SearchResultController.swift */ = {isa = PBXFileReference; lastKnownFileType = sourcecode.swift; path = SearchResultController.swift; sourceTree = "<group>"; };
		37EC3FF423230513005F80DF /* ResultType.swift */ = {isa = PBXFileReference; lastKnownFileType = sourcecode.swift; path = ResultType.swift; sourceTree = "<group>"; };
		37EC3FF6232307D6005F80DF /* SearchResultsTableViewController.swift */ = {isa = PBXFileReference; lastKnownFileType = sourcecode.swift; path = SearchResultsTableViewController.swift; sourceTree = "<group>"; };
/* End PBXFileReference section */

/* Begin PBXFrameworksBuildPhase section */
		371D1E962323011A005AA21B /* Frameworks */ = {
			isa = PBXFrameworksBuildPhase;
			buildActionMask = 2147483647;
			files = (
			);
			runOnlyForDeploymentPostprocessing = 0;
		};
/* End PBXFrameworksBuildPhase section */

/* Begin PBXGroup section */
		371D1E902323011A005AA21B = {
			isa = PBXGroup;
			children = (
				371D1EB32323018C005AA21B /* Default-568h@2x.png */,
				371D1E9B2323011A005AA21B /* itunesSearch */,
				371D1E9A2323011A005AA21B /* Products */,
			);
			sourceTree = "<group>";
		};
		371D1E9A2323011A005AA21B /* Products */ = {
			isa = PBXGroup;
			children = (
				371D1E992323011A005AA21B /* itunesSearch.app */,
			);
			name = Products;
			sourceTree = "<group>";
		};
		371D1E9B2323011A005AA21B /* itunesSearch */ = {
			isa = PBXGroup;
			children = (
				371D1EB22323013F005AA21B /* View Controllers */,
				371D1EB12323013B005AA21B /* Views */,
				371D1EB023230138005AA21B /* Models */,
				371D1EAF23230134005AA21B /* Storyboards */,
				371D1EAE23230132005AA21B /* Resources */,
			);
			path = itunesSearch;
			sourceTree = "<group>";
		};
		371D1EAE23230132005AA21B /* Resources */ = {
			isa = PBXGroup;
			children = (
				371D1E9C2323011A005AA21B /* AppDelegate.swift */,
				371D1EA32323011B005AA21B /* Assets.xcassets */,
				371D1EA82323011B005AA21B /* Info.plist */,
			);
			path = Resources;
			sourceTree = "<group>";
		};
		371D1EAF23230134005AA21B /* Storyboards */ = {
			isa = PBXGroup;
			children = (
				371D1EA02323011A005AA21B /* Main.storyboard */,
				371D1EA52323011B005AA21B /* LaunchScreen.storyboard */,
			);
			path = Storyboards;
			sourceTree = "<group>";
		};
		371D1EB023230138005AA21B /* Models */ = {
			isa = PBXGroup;
			children = (
				37EC3FF023230235005F80DF /* SearchResult.swift */,
				37EC3FF223230246005F80DF /* SearchResultController.swift */,
				37EC3FF423230513005F80DF /* ResultType.swift */,
			);
			path = Models;
			sourceTree = "<group>";
		};
		371D1EB12323013B005AA21B /* Views */ = {
			isa = PBXGroup;
			children = (
				37EC3FF6232307D6005F80DF /* SearchResultsTableViewController.swift */,
			);
			path = Views;
			sourceTree = "<group>";
		};
		371D1EB22323013F005AA21B /* View Controllers */ = {
			isa = PBXGroup;
			children = (
			);
			path = "View Controllers";
			sourceTree = "<group>";
		};
/* End PBXGroup section */

/* Begin PBXNativeTarget section */
		371D1E982323011A005AA21B /* itunesSearch */ = {
			isa = PBXNativeTarget;
			buildConfigurationList = 371D1EAB2323011B005AA21B /* Build configuration list for PBXNativeTarget "itunesSearch" */;
			buildPhases = (
				371D1E952323011A005AA21B /* Sources */,
				371D1E962323011A005AA21B /* Frameworks */,
				371D1E972323011A005AA21B /* Resources */,
			);
			buildRules = (
			);
			dependencies = (
			);
			name = itunesSearch;
			productName = itunesSearch;
			productReference = 371D1E992323011A005AA21B /* itunesSearch.app */;
			productType = "com.apple.product-type.application";
		};
/* End PBXNativeTarget section */

/* Begin PBXProject section */
		371D1E912323011A005AA21B /* Project object */ = {
			isa = PBXProject;
			attributes = {
				LastSwiftUpdateCheck = 1030;
				LastUpgradeCheck = 1030;
				ORGANIZATIONNAME = "Bobby Keffury";
				TargetAttributes = {
					371D1E982323011A005AA21B = {
						CreatedOnToolsVersion = 10.3;
					};
				};
			};
			buildConfigurationList = 371D1E942323011A005AA21B /* Build configuration list for PBXProject "itunesSearch" */;
			compatibilityVersion = "Xcode 9.3";
			developmentRegion = en;
			hasScannedForEncodings = 0;
			knownRegions = (
				en,
				Base,
			);
			mainGroup = 371D1E902323011A005AA21B;
			productRefGroup = 371D1E9A2323011A005AA21B /* Products */;
			projectDirPath = "";
			projectRoot = "";
			targets = (
				371D1E982323011A005AA21B /* itunesSearch */,
			);
		};
/* End PBXProject section */

/* Begin PBXResourcesBuildPhase section */
		371D1E972323011A005AA21B /* Resources */ = {
			isa = PBXResourcesBuildPhase;
			buildActionMask = 2147483647;
			files = (
				371D1EA72323011B005AA21B /* LaunchScreen.storyboard in Resources */,
				371D1EB42323018C005AA21B /* Default-568h@2x.png in Resources */,
				371D1EA42323011B005AA21B /* Assets.xcassets in Resources */,
				371D1EA22323011A005AA21B /* Main.storyboard in Resources */,
			);
			runOnlyForDeploymentPostprocessing = 0;
		};
/* End PBXResourcesBuildPhase section */

/* Begin PBXSourcesBuildPhase section */
		371D1E952323011A005AA21B /* Sources */ = {
			isa = PBXSourcesBuildPhase;
			buildActionMask = 2147483647;
			files = (
				37EC3FF523230513005F80DF /* ResultType.swift in Sources */,
				37EC3FF323230246005F80DF /* SearchResultController.swift in Sources */,
				37EC3FF7232307D6005F80DF /* SearchResultsTableViewController.swift in Sources */,
				37EC3FF123230235005F80DF /* SearchResult.swift in Sources */,
				371D1E9D2323011A005AA21B /* AppDelegate.swift in Sources */,
			);
			runOnlyForDeploymentPostprocessing = 0;
		};
/* End PBXSourcesBuildPhase section */

/* Begin PBXVariantGroup section */
		371D1EA02323011A005AA21B /* Main.storyboard */ = {
			isa = PBXVariantGroup;
			children = (
				371D1EA12323011A005AA21B /* Base */,
			);
			name = Main.storyboard;
			sourceTree = "<group>";
		};
		371D1EA52323011B005AA21B /* LaunchScreen.storyboard */ = {
			isa = PBXVariantGroup;
			children = (
				371D1EA62323011B005AA21B /* Base */,
			);
			name = LaunchScreen.storyboard;
			sourceTree = "<group>";
		};
/* End PBXVariantGroup section */

/* Begin XCBuildConfiguration section */
		371D1EA92323011B005AA21B /* Debug */ = {
			isa = XCBuildConfiguration;
			buildSettings = {
				ALWAYS_SEARCH_USER_PATHS = NO;
				CLANG_ANALYZER_NONNULL = YES;
				CLANG_ANALYZER_NUMBER_OBJECT_CONVERSION = YES_AGGRESSIVE;
				CLANG_CXX_LANGUAGE_STANDARD = "gnu++14";
				CLANG_CXX_LIBRARY = "libc++";
				CLANG_ENABLE_MODULES = YES;
				CLANG_ENABLE_OBJC_ARC = YES;
				CLANG_ENABLE_OBJC_WEAK = YES;
				CLANG_WARN_BLOCK_CAPTURE_AUTORELEASING = YES;
				CLANG_WARN_BOOL_CONVERSION = YES;
				CLANG_WARN_COMMA = YES;
				CLANG_WARN_CONSTANT_CONVERSION = YES;
				CLANG_WARN_DEPRECATED_OBJC_IMPLEMENTATIONS = YES;
				CLANG_WARN_DIRECT_OBJC_ISA_USAGE = YES_ERROR;
				CLANG_WARN_DOCUMENTATION_COMMENTS = YES;
				CLANG_WARN_EMPTY_BODY = YES;
				CLANG_WARN_ENUM_CONVERSION = YES;
				CLANG_WARN_INFINITE_RECURSION = YES;
				CLANG_WARN_INT_CONVERSION = YES;
				CLANG_WARN_NON_LITERAL_NULL_CONVERSION = YES;
				CLANG_WARN_OBJC_IMPLICIT_RETAIN_SELF = YES;
				CLANG_WARN_OBJC_LITERAL_CONVERSION = YES;
				CLANG_WARN_OBJC_ROOT_CLASS = YES_ERROR;
				CLANG_WARN_RANGE_LOOP_ANALYSIS = YES;
				CLANG_WARN_STRICT_PROTOTYPES = YES;
				CLANG_WARN_SUSPICIOUS_MOVE = YES;
				CLANG_WARN_UNGUARDED_AVAILABILITY = YES_AGGRESSIVE;
				CLANG_WARN_UNREACHABLE_CODE = YES;
				CLANG_WARN__DUPLICATE_METHOD_MATCH = YES;
				CODE_SIGN_IDENTITY = "iPhone Developer";
				COPY_PHASE_STRIP = NO;
				DEBUG_INFORMATION_FORMAT = dwarf;
				ENABLE_STRICT_OBJC_MSGSEND = YES;
				ENABLE_TESTABILITY = YES;
				GCC_C_LANGUAGE_STANDARD = gnu11;
				GCC_DYNAMIC_NO_PIC = NO;
				GCC_NO_COMMON_BLOCKS = YES;
				GCC_OPTIMIZATION_LEVEL = 0;
				GCC_PREPROCESSOR_DEFINITIONS = (
					"DEBUG=1",
					"$(inherited)",
				);
				GCC_WARN_64_TO_32_BIT_CONVERSION = YES;
				GCC_WARN_ABOUT_RETURN_TYPE = YES_ERROR;
				GCC_WARN_UNDECLARED_SELECTOR = YES;
				GCC_WARN_UNINITIALIZED_AUTOS = YES_AGGRESSIVE;
				GCC_WARN_UNUSED_FUNCTION = YES;
				GCC_WARN_UNUSED_VARIABLE = YES;
				IPHONEOS_DEPLOYMENT_TARGET = 12.4;
				MTL_ENABLE_DEBUG_INFO = INCLUDE_SOURCE;
				MTL_FAST_MATH = YES;
				ONLY_ACTIVE_ARCH = YES;
				SDKROOT = iphoneos;
				SWIFT_ACTIVE_COMPILATION_CONDITIONS = DEBUG;
				SWIFT_OPTIMIZATION_LEVEL = "-Onone";
			};
			name = Debug;
		};
		371D1EAA2323011B005AA21B /* Release */ = {
			isa = XCBuildConfiguration;
			buildSettings = {
				ALWAYS_SEARCH_USER_PATHS = NO;
				CLANG_ANALYZER_NONNULL = YES;
				CLANG_ANALYZER_NUMBER_OBJECT_CONVERSION = YES_AGGRESSIVE;
				CLANG_CXX_LANGUAGE_STANDARD = "gnu++14";
				CLANG_CXX_LIBRARY = "libc++";
				CLANG_ENABLE_MODULES = YES;
				CLANG_ENABLE_OBJC_ARC = YES;
				CLANG_ENABLE_OBJC_WEAK = YES;
				CLANG_WARN_BLOCK_CAPTURE_AUTORELEASING = YES;
				CLANG_WARN_BOOL_CONVERSION = YES;
				CLANG_WARN_COMMA = YES;
				CLANG_WARN_CONSTANT_CONVERSION = YES;
				CLANG_WARN_DEPRECATED_OBJC_IMPLEMENTATIONS = YES;
				CLANG_WARN_DIRECT_OBJC_ISA_USAGE = YES_ERROR;
				CLANG_WARN_DOCUMENTATION_COMMENTS = YES;
				CLANG_WARN_EMPTY_BODY = YES;
				CLANG_WARN_ENUM_CONVERSION = YES;
				CLANG_WARN_INFINITE_RECURSION = YES;
				CLANG_WARN_INT_CONVERSION = YES;
				CLANG_WARN_NON_LITERAL_NULL_CONVERSION = YES;
				CLANG_WARN_OBJC_IMPLICIT_RETAIN_SELF = YES;
				CLANG_WARN_OBJC_LITERAL_CONVERSION = YES;
				CLANG_WARN_OBJC_ROOT_CLASS = YES_ERROR;
				CLANG_WARN_RANGE_LOOP_ANALYSIS = YES;
				CLANG_WARN_STRICT_PROTOTYPES = YES;
				CLANG_WARN_SUSPICIOUS_MOVE = YES;
				CLANG_WARN_UNGUARDED_AVAILABILITY = YES_AGGRESSIVE;
				CLANG_WARN_UNREACHABLE_CODE = YES;
				CLANG_WARN__DUPLICATE_METHOD_MATCH = YES;
				CODE_SIGN_IDENTITY = "iPhone Developer";
				COPY_PHASE_STRIP = NO;
				DEBUG_INFORMATION_FORMAT = "dwarf-with-dsym";
				ENABLE_NS_ASSERTIONS = NO;
				ENABLE_STRICT_OBJC_MSGSEND = YES;
				GCC_C_LANGUAGE_STANDARD = gnu11;
				GCC_NO_COMMON_BLOCKS = YES;
				GCC_WARN_64_TO_32_BIT_CONVERSION = YES;
				GCC_WARN_ABOUT_RETURN_TYPE = YES_ERROR;
				GCC_WARN_UNDECLARED_SELECTOR = YES;
				GCC_WARN_UNINITIALIZED_AUTOS = YES_AGGRESSIVE;
				GCC_WARN_UNUSED_FUNCTION = YES;
				GCC_WARN_UNUSED_VARIABLE = YES;
				IPHONEOS_DEPLOYMENT_TARGET = 12.4;
				MTL_ENABLE_DEBUG_INFO = NO;
				MTL_FAST_MATH = YES;
				SDKROOT = iphoneos;
				SWIFT_COMPILATION_MODE = wholemodule;
				SWIFT_OPTIMIZATION_LEVEL = "-O";
				VALIDATE_PRODUCT = YES;
			};
			name = Release;
		};
		371D1EAC2323011B005AA21B /* Debug */ = {
			isa = XCBuildConfiguration;
			buildSettings = {
				ASSETCATALOG_COMPILER_APPICON_NAME = AppIcon;
				CODE_SIGN_STYLE = Automatic;
				INFOPLIST_FILE = "$(SRCROOT)/itunesSearch/Resources/Info.plist";
				LD_RUNPATH_SEARCH_PATHS = (
					"$(inherited)",
					"@executable_path/Frameworks",
				);
				PRODUCT_BUNDLE_IDENTIFIER = com.BobbyKeffury.itunesSearch;
				PRODUCT_NAME = "$(TARGET_NAME)";
				SWIFT_VERSION = 5.0;
				TARGETED_DEVICE_FAMILY = "1,2";
			};
			name = Debug;
		};
		371D1EAD2323011B005AA21B /* Release */ = {
			isa = XCBuildConfiguration;
			buildSettings = {
				ASSETCATALOG_COMPILER_APPICON_NAME = AppIcon;
				CODE_SIGN_STYLE = Automatic;
				INFOPLIST_FILE = "$(SRCROOT)/itunesSearch/Resources/Info.plist";
				LD_RUNPATH_SEARCH_PATHS = (
					"$(inherited)",
					"@executable_path/Frameworks",
				);
				PRODUCT_BUNDLE_IDENTIFIER = com.BobbyKeffury.itunesSearch;
				PRODUCT_NAME = "$(TARGET_NAME)";
				SWIFT_VERSION = 5.0;
				TARGETED_DEVICE_FAMILY = "1,2";
			};
			name = Release;
		};
/* End XCBuildConfiguration section */

/* Begin XCConfigurationList section */
		371D1E942323011A005AA21B /* Build configuration list for PBXProject "itunesSearch" */ = {
			isa = XCConfigurationList;
			buildConfigurations = (
				371D1EA92323011B005AA21B /* Debug */,
				371D1EAA2323011B005AA21B /* Release */,
			);
			defaultConfigurationIsVisible = 0;
			defaultConfigurationName = Release;
		};
		371D1EAB2323011B005AA21B /* Build configuration list for PBXNativeTarget "itunesSearch" */ = {
			isa = XCConfigurationList;
			buildConfigurations = (
				371D1EAC2323011B005AA21B /* Debug */,
				371D1EAD2323011B005AA21B /* Release */,
			);
			defaultConfigurationIsVisible = 0;
			defaultConfigurationName = Release;
		};
/* End XCConfigurationList section */
	};
	rootObject = 371D1E912323011A005AA21B /* Project object */;
}
